
Microsoft Visual Studio Solution File, Format Version 12.00
# Visual Studio Version 17
VisualStudioVersion = 17.1.32210.238
MinimumVisualStudioVersion = 10.0.40219.1
Project("{8BC9CEB8-8B4A-11D0-8D11-00A0C91BC942}") = "DZ3", "DZ3\DZ3.vcxproj", "{5F11A4B1-EAC7-402C-9D27-20B02F0111FD}"
EndProject
Global
	GlobalSection(SolutionConfigurationPlatforms) = preSolution
		Debug|x64 = Debug|x64
		Debug|x86 = Debug|x86
		Release|x64 = Release|x64
		Release|x86 = Release|x86
	EndGlobalSection
	GlobalSection(ProjectConfigurationPlatforms) = postSolution
		{5F11A4B1-EAC7-402C-9D27-20B02F0111FD}.Debug|x64.ActiveCfg = Debug|x64
		{5F11A4B1-EAC7-402C-9D27-20B02F0111FD}.Debug|x64.Build.0 = Debug|x64
		{5F11A4B1-EAC7-402C-9D27-20B02F0111FD}.Debug|x86.ActiveCfg = Debug|Win32
		{5F11A4B1-EAC7-402C-9D27-20B02F0111FD}.Debug|x86.Build.0 = Debug|Win32
		{5F11A4B1-EAC7-402C-9D27-20B02F0111FD}.Release|x64.ActiveCfg = Release|x64
		{5F11A4B1-EAC7-402C-9D27-20B02F0111FD}.Release|x64.Build.0 = Release|x64
		{5F11A4B1-EAC7-402C-9D27-20B02F0111FD}.Release|x86.ActiveCfg = Release|Win32
		{5F11A4B1-EAC7-402C-9D27-20B02F0111FD}.Release|x86.Build.0 = Release|Win32
	EndGlobalSection
	GlobalSection(SolutionProperties) = preSolution
		HideSolutionNode = FALSE
	EndGlobalSection
	GlobalSection(ExtensibilityGlobals) = postSolution
		SolutionGuid = {B6D080B0-9AB4-4507-B7A6-94F8EAC17FEB}
	EndGlobalSection
EndGlobal
